PODS:
  - Alamofire (4.5.1)
  - BNRDeferred (3.1.2)
  - BSWFoundation (1.3.1):
    - Alamofire (~> 4.5.1)
    - BNRDeferred (= 3.1.2)
    - KeychainAccess (~> 3.1.0)
  - BSWInterfaceKit (0.4.0):
    - BSWFoundation (~> 1.3.0)
    - PINRemoteImage (~> 2.1.4)
  - FLAnimatedImage (1.0.12)
  - iOSSnapshotTestCase (2.2.0):
    - iOSSnapshotTestCase/SwiftSupport (= 2.2.0)
  - iOSSnapshotTestCase/Core (2.2.0)
  - iOSSnapshotTestCase/SwiftSupport (2.2.0):
    - iOSSnapshotTestCase/Core
  - KeychainAccess (3.1.0)
  - PINCache (2.3)
  - PINRemoteImage (2.1.4):
    - PINRemoteImage/FLAnimatedImage (= 2.1.4)
  - PINRemoteImage/Core (2.1.4):
    - PINCache (>= 2.1)
  - PINRemoteImage/FLAnimatedImage (2.1.4):
    - FLAnimatedImage (>= 1.0)
    - PINRemoteImage/Core
  - SDWebImage/Core (4.3.2)
  - SDWebImage/GIF (4.3.2):
    - FLAnimatedImage (~> 1.0)
    - SDWebImage/Core

DEPENDENCIES:
  - BSWInterfaceKit (from `https://github.com/BlurredSoftware/BSWInterfaceKit.git`)
  - iOSSnapshotTestCase
  - SDWebImage/GIF

EXTERNAL SOURCES:
  BSWInterfaceKit:
    :git: https://github.com/BlurredSoftware/BSWInterfaceKit.git

CHECKOUT OPTIONS:
  BSWInterfaceKit:
    :commit: 90ed4fd533ad10386b386b98da0a3bc10a14a9ba
    :git: https://github.com/BlurredSoftware/BSWInterfaceKit.git

SPEC CHECKSUMS:
  Alamofire: 2d95912bf4c34f164fdfc335872e8c312acaea4a
  BNRDeferred: e3cdbffe7527482fb9908b79dd0a18d2b450fb10
  BSWFoundation: 14e6ba6a5bf330fcbbc7eb2216c8750a3be80e73
  BSWInterfaceKit: b1c5682f7ac070cfa615ac7aca252411c0859aa8
  FLAnimatedImage: 4a0b56255d9b05f18b6dd7ee06871be5d3b89e31
  iOSSnapshotTestCase: 415bd84f9dbba4ff45fede49d800bc7332fbedac
  KeychainAccess: 94c5540b32eabf7bc32bfb976a268e8ea05fd6da
  PINCache: ce36ed282031b92fc7733ffe831f474ff80fddc2
  PINRemoteImage: 4ac4011c5caefd6befd99758e09becede05d3226
  SDWebImage: 29bd3c0bc1f01e5eb59720847c64ad4c4ca1af5d

PODFILE CHECKSUM: 81e05cce3f89ccfe0d883ad702d4cf608d209773

COCOAPODS: 1.4.0
