// !$*UTF8*$!
{
	archiveVersion = 1;
	classes = {
	};
	objectVersion = 48;
	objects = {

/* Begin PBXBuildFile section */
		0EDB97AAE181ABCA141291DB /* Pods_GifWallet.framework in Frameworks */ = {isa = PBXBuildFile; fileRef = 52A6F727CA56BBC6B0F2BC71 /* Pods_GifWallet.framework */; };
		96BD2327B9BF84651CC63C62 /* Pods_GifWalletKit.framework in Frameworks */ = {isa = PBXBuildFile; fileRef = BEE38F6BB5FC7E7F8B0E1334 /* Pods_GifWalletKit.framework */; };
		A80657560BD82D2E0081E7BA /* Pods_GifWallet_GifWalletTests.framework in Frameworks */ = {isa = PBXBuildFile; fileRef = 90B911351BB114A39736C898 /* Pods_GifWallet_GifWalletTests.framework */; };
		DBD58873D5F3DB48080A7CE7 /* Pods_GifWalletKitTests.framework in Frameworks */ = {isa = PBXBuildFile; fileRef = 624199DCDE93D41517F50D36 /* Pods_GifWalletKitTests.framework */; };
		F50514F32049AFD200D3C1BB /* UIColor+Wallet.swift in Sources */ = {isa = PBXBuildFile; fileRef = F50514F22049AFD200D3C1BB /* UIColor+Wallet.swift */; };
		F50514F62049B17E00D3C1BB /* UIView+Wallet.swift in Sources */ = {isa = PBXBuildFile; fileRef = F50514F52049B17E00D3C1BB /* UIView+Wallet.swift */; };
		F5071B262049B3DF001D09B2 /* ListState.swift in Sources */ = {isa = PBXBuildFile; fileRef = F5071B252049B3DF001D09B2 /* ListState.swift */; };
		F52373B620514F3A007CC1C9 /* GIFWalletViewController.swift in Sources */ = {isa = PBXBuildFile; fileRef = F52373B520514F39007CC1C9 /* GIFWalletViewController.swift */; };
		F52373B920514F78007CC1C9 /* MockLoader.swift in Sources */ = {isa = PBXBuildFile; fileRef = F52373B820514F78007CC1C9 /* MockLoader.swift */; };
		F52373BB20514FF5007CC1C9 /* ViewModelConfigurable.swift in Sources */ = {isa = PBXBuildFile; fileRef = F52373BA20514FF5007CC1C9 /* ViewModelConfigurable.swift */; };
		F52373BD205150BE007CC1C9 /* UICollectionView+Wallet.swift in Sources */ = {isa = PBXBuildFile; fileRef = F52373BC205150BE007CC1C9 /* UICollectionView+Wallet.swift */; };
		F52531AE205D59C4009E9062 /* UIViewController+Wallet.swift in Sources */ = {isa = PBXBuildFile; fileRef = F52531AD205D59C4009E9062 /* UIViewController+Wallet.swift */; };
		F52531B3205E8421009E9062 /* GIFWalletInteractor.swift in Sources */ = {isa = PBXBuildFile; fileRef = F52531B2205E8420009E9062 /* GIFWalletInteractor.swift */; };
		F52531B5205E8441009E9062 /* GIFDetailsInteractor.swift in Sources */ = {isa = PBXBuildFile; fileRef = F52531B4205E8441009E9062 /* GIFDetailsInteractor.swift */; };
		F52531B7205E84EB009E9062 /* UIImageView+Wallet.swift in Sources */ = {isa = PBXBuildFile; fileRef = F52531B6205E84EA009E9062 /* UIImageView+Wallet.swift */; };
		F52531BA205E8580009E9062 /* SnapshotTest.swift in Sources */ = {isa = PBXBuildFile; fileRef = F52531B8205E857F009E9062 /* SnapshotTest.swift */; };
		F52531BB205E8580009E9062 /* GIFWalletViewControllerTests.swift in Sources */ = {isa = PBXBuildFile; fileRef = F52531B9205E8580009E9062 /* GIFWalletViewControllerTests.swift */; };
		F52531BE205E86BF009E9062 /* GIFDetailViewControllerTests.swift in Sources */ = {isa = PBXBuildFile; fileRef = F52531BD205E86BF009E9062 /* GIFDetailViewControllerTests.swift */; };
		F528E8C220545A05003A8421 /* UILabel+Wallet.swift in Sources */ = {isa = PBXBuildFile; fileRef = F528E8C120545A05003A8421 /* UILabel+Wallet.swift */; };
		F54F91E120540023000891B2 /* AutoLayoutTestsViewController.swift in Sources */ = {isa = PBXBuildFile; fileRef = F54F91E020540023000891B2 /* AutoLayoutTestsViewController.swift */; };
		F54F91E32054277D000891B2 /* GIFDetailsViewController.swift in Sources */ = {isa = PBXBuildFile; fileRef = F54F91E22054277D000891B2 /* GIFDetailsViewController.swift */; };
		F5BF8488205023020091BA88 /* CollectionViewStatefulDataSource.swift in Sources */ = {isa = PBXBuildFile; fileRef = F5BF8487205023020091BA88 /* CollectionViewStatefulDataSource.swift */; };
		F5CA2DE5206BAC780089E9D5 /* DataStore.swift in Sources */ = {isa = PBXBuildFile; fileRef = F5CA2DE4206BAC780089E9D5 /* DataStore.swift */; };
		F5CA2DE7206BACB00089E9D5 /* DataStoreTests.swift in Sources */ = {isa = PBXBuildFile; fileRef = F5CA2DE6206BACB00089E9D5 /* DataStoreTests.swift */; };
		F5CA2DEB206BAE460089E9D5 /* Model.xcdatamodeld in Sources */ = {isa = PBXBuildFile; fileRef = F5CA2DE9206BAE460089E9D5 /* Model.xcdatamodeld */; };
		F5CE5CC92057EEAF007765F6 /* UIViewControllerTransitionCoordinator+Wallet.swift in Sources */ = {isa = PBXBuildFile; fileRef = F5CE5CC82057EEAF007765F6 /* UIViewControllerTransitionCoordinator+Wallet.swift */; };
		F5D1D43E20499B880012E800 /* AppDelegate.swift in Sources */ = {isa = PBXBuildFile; fileRef = F5D1D43D20499B880012E800 /* AppDelegate.swift */; };
		F5D1D44720499B880012E800 /* Assets.xcassets in Resources */ = {isa = PBXBuildFile; fileRef = F5D1D44620499B880012E800 /* Assets.xcassets */; };
		F5D1D44A20499B880012E800 /* LaunchScreen.storyboard in Resources */ = {isa = PBXBuildFile; fileRef = F5D1D44820499B880012E800 /* LaunchScreen.storyboard */; };
		F5D1D47B20499E300012E800 /* GifWalletKit.framework in Frameworks */ = {isa = PBXBuildFile; fileRef = F5D1D47220499E2F0012E800 /* GifWalletKit.framework */; };
		F5D1D48220499E300012E800 /* APIClientTests.swift in Sources */ = {isa = PBXBuildFile; fileRef = F5D1D48120499E300012E800 /* APIClientTests.swift */; };
		F5D1D48420499E300012E800 /* GifWalletKit.h in Headers */ = {isa = PBXBuildFile; fileRef = F5D1D47420499E2F0012E800 /* GifWalletKit.h */; settings = {ATTRIBUTES = (Public, ); }; };
		F5D1D48720499E300012E800 /* GifWalletKit.framework in Frameworks */ = {isa = PBXBuildFile; fileRef = F5D1D47220499E2F0012E800 /* GifWalletKit.framework */; };
		F5D1D48820499E300012E800 /* GifWalletKit.framework in Embed Frameworks */ = {isa = PBXBuildFile; fileRef = F5D1D47220499E2F0012E800 /* GifWalletKit.framework */; settings = {ATTRIBUTES = (CodeSignOnCopy, RemoveHeadersOnCopy, ); }; };
		F5D1D49120499ED00012E800 /* APIClient.swift in Sources */ = {isa = PBXBuildFile; fileRef = F5D1D49020499ED00012E800 /* APIClient.swift */; };
		F5D3DE332065221500B5AF34 /* GiphyAPIClient.swift in Sources */ = {isa = PBXBuildFile; fileRef = F5D3DE322065221500B5AF34 /* GiphyAPIClient.swift */; };
		F5D3DE3520652C2200B5AF34 /* GiphyAPIClientTests.swift in Sources */ = {isa = PBXBuildFile; fileRef = F5D3DE3420652C2200B5AF34 /* GiphyAPIClientTests.swift */; };
		F5E0ED0D2063CC1600D90C6C /* HTTPBin.swift in Sources */ = {isa = PBXBuildFile; fileRef = F5E0ED0C2063CC1600D90C6C /* HTTPBin.swift */; };
		F5F1CB6A2062796E006164C6 /* Endpoint.swift in Sources */ = {isa = PBXBuildFile; fileRef = F5F1CB692062796E006164C6 /* Endpoint.swift */; };
		F5F1CB6C20627984006164C6 /* Environment.swift in Sources */ = {isa = PBXBuildFile; fileRef = F5F1CB6B20627984006164C6 /* Environment.swift */; };
/* End PBXBuildFile section */

/* Begin PBXContainerItemProxy section */
		F5D1D45120499B880012E800 /* PBXContainerItemProxy */ = {
			isa = PBXContainerItemProxy;
			containerPortal = F5D1D43220499B870012E800 /* Project object */;
			proxyType = 1;
			remoteGlobalIDString = F5D1D43920499B880012E800;
			remoteInfo = GifWallet;
		};
		F5D1D47C20499E300012E800 /* PBXContainerItemProxy */ = {
			isa = PBXContainerItemProxy;
			containerPortal = F5D1D43220499B870012E800 /* Project object */;
			proxyType = 1;
			remoteGlobalIDString = F5D1D47120499E2F0012E800;
			remoteInfo = GifWalletKit;
		};
		F5D1D47E20499E300012E800 /* PBXContainerItemProxy */ = {
			isa = PBXContainerItemProxy;
			containerPortal = F5D1D43220499B870012E800 /* Project object */;
			proxyType = 1;
			remoteGlobalIDString = F5D1D43920499B880012E800;
			remoteInfo = GifWallet;
		};
		F5D1D48520499E300012E800 /* PBXContainerItemProxy */ = {
			isa = PBXContainerItemProxy;
			containerPortal = F5D1D43220499B870012E800 /* Project object */;
			proxyType = 1;
			remoteGlobalIDString = F5D1D47120499E2F0012E800;
			remoteInfo = GifWalletKit;
		};
/* End PBXContainerItemProxy section */

/* Begin PBXCopyFilesBuildPhase section */
		F5D1D48E20499E300012E800 /* Embed Frameworks */ = {
			isa = PBXCopyFilesBuildPhase;
			buildActionMask = 2147483647;
			dstPath = "";
			dstSubfolderSpec = 10;
			files = (
				F5D1D48820499E300012E800 /* GifWalletKit.framework in Embed Frameworks */,
			);
			name = "Embed Frameworks";
			runOnlyForDeploymentPostprocessing = 0;
		};
/* End PBXCopyFilesBuildPhase section */

/* Begin PBXFileReference section */
		0A0653756804371D975D4548 /* Pods-GifWallet-GifWalletTests.release.xcconfig */ = {isa = PBXFileReference; includeInIndex = 1; lastKnownFileType = text.xcconfig; name = "Pods-GifWallet-GifWalletTests.release.xcconfig"; path = "Pods/Target Support Files/Pods-GifWallet-GifWalletTests/Pods-GifWallet-GifWalletTests.release.xcconfig"; sourceTree = "<group>"; };
		1C57C1C750AA91C3F11BA5E4 /* Pods-GifWalletKit.debug.xcconfig */ = {isa = PBXFileReference; includeInIndex = 1; lastKnownFileType = text.xcconfig; name = "Pods-GifWalletKit.debug.xcconfig"; path = "Pods/Target Support Files/Pods-GifWalletKit/Pods-GifWalletKit.debug.xcconfig"; sourceTree = "<group>"; };
		2AECB1B364602EE2C6751957 /* Pods-GifWalletKit.release.xcconfig */ = {isa = PBXFileReference; includeInIndex = 1; lastKnownFileType = text.xcconfig; name = "Pods-GifWalletKit.release.xcconfig"; path = "Pods/Target Support Files/Pods-GifWalletKit/Pods-GifWalletKit.release.xcconfig"; sourceTree = "<group>"; };
		31E0B42CCC370711E5B1CBF3 /* Pods-GifWalletKitTests.release.xcconfig */ = {isa = PBXFileReference; includeInIndex = 1; lastKnownFileType = text.xcconfig; name = "Pods-GifWalletKitTests.release.xcconfig"; path = "Pods/Target Support Files/Pods-GifWalletKitTests/Pods-GifWalletKitTests.release.xcconfig"; sourceTree = "<group>"; };
		52A6F727CA56BBC6B0F2BC71 /* Pods_GifWallet.framework */ = {isa = PBXFileReference; explicitFileType = wrapper.framework; includeInIndex = 0; path = Pods_GifWallet.framework; sourceTree = BUILT_PRODUCTS_DIR; };
		624199DCDE93D41517F50D36 /* Pods_GifWalletKitTests.framework */ = {isa = PBXFileReference; explicitFileType = wrapper.framework; includeInIndex = 0; path = Pods_GifWalletKitTests.framework; sourceTree = BUILT_PRODUCTS_DIR; };
		7D11D06338086F95ABE110A7 /* Pods-GifWallet-GifWalletTests.debug.xcconfig */ = {isa = PBXFileReference; includeInIndex = 1; lastKnownFileType = text.xcconfig; name = "Pods-GifWallet-GifWalletTests.debug.xcconfig"; path = "Pods/Target Support Files/Pods-GifWallet-GifWalletTests/Pods-GifWallet-GifWalletTests.debug.xcconfig"; sourceTree = "<group>"; };
		7F0484C73C76BA7AA7F4CA35 /* Pods-GifWallet.debug.xcconfig */ = {isa = PBXFileReference; includeInIndex = 1; lastKnownFileType = text.xcconfig; name = "Pods-GifWallet.debug.xcconfig"; path = "Pods/Target Support Files/Pods-GifWallet/Pods-GifWallet.debug.xcconfig"; sourceTree = "<group>"; };
		832E7926BFBF2E17321EE417 /* Pods-GifWallet.release.xcconfig */ = {isa = PBXFileReference; includeInIndex = 1; lastKnownFileType = text.xcconfig; name = "Pods-GifWallet.release.xcconfig"; path = "Pods/Target Support Files/Pods-GifWallet/Pods-GifWallet.release.xcconfig"; sourceTree = "<group>"; };
		90B911351BB114A39736C898 /* Pods_GifWallet_GifWalletTests.framework */ = {isa = PBXFileReference; explicitFileType = wrapper.framework; includeInIndex = 0; path = Pods_GifWallet_GifWalletTests.framework; sourceTree = BUILT_PRODUCTS_DIR; };
		BEE38F6BB5FC7E7F8B0E1334 /* Pods_GifWalletKit.framework */ = {isa = PBXFileReference; explicitFileType = wrapper.framework; includeInIndex = 0; path = Pods_GifWalletKit.framework; sourceTree = BUILT_PRODUCTS_DIR; };
		CA72F024B96DCAB1CC4D2E77 /* Pods-GifWalletKitTests.debug.xcconfig */ = {isa = PBXFileReference; includeInIndex = 1; lastKnownFileType = text.xcconfig; name = "Pods-GifWalletKitTests.debug.xcconfig"; path = "Pods/Target Support Files/Pods-GifWalletKitTests/Pods-GifWalletKitTests.debug.xcconfig"; sourceTree = "<group>"; };
		F50514F22049AFD200D3C1BB /* UIColor+Wallet.swift */ = {isa = PBXFileReference; lastKnownFileType = sourcecode.swift; path = "UIColor+Wallet.swift"; sourceTree = "<group>"; };
		F50514F52049B17E00D3C1BB /* UIView+Wallet.swift */ = {isa = PBXFileReference; lastKnownFileType = sourcecode.swift; path = "UIView+Wallet.swift"; sourceTree = "<group>"; };
		F5071B252049B3DF001D09B2 /* ListState.swift */ = {isa = PBXFileReference; lastKnownFileType = sourcecode.swift; path = ListState.swift; sourceTree = "<group>"; };
		F52373B520514F39007CC1C9 /* GIFWalletViewController.swift */ = {isa = PBXFileReference; fileEncoding = 4; lastKnownFileType = sourcecode.swift; path = GIFWalletViewController.swift; sourceTree = "<group>"; };
		F52373B820514F78007CC1C9 /* MockLoader.swift */ = {isa = PBXFileReference; fileEncoding = 4; lastKnownFileType = sourcecode.swift; path = MockLoader.swift; sourceTree = "<group>"; };
		F52373BA20514FF5007CC1C9 /* ViewModelConfigurable.swift */ = {isa = PBXFileReference; fileEncoding = 4; lastKnownFileType = sourcecode.swift; path = ViewModelConfigurable.swift; sourceTree = "<group>"; };
		F52373BC205150BE007CC1C9 /* UICollectionView+Wallet.swift */ = {isa = PBXFileReference; fileEncoding = 4; lastKnownFileType = sourcecode.swift; path = "UICollectionView+Wallet.swift"; sourceTree = "<group>"; };
		F52531AD205D59C4009E9062 /* UIViewController+Wallet.swift */ = {isa = PBXFileReference; lastKnownFileType = sourcecode.swift; path = "UIViewController+Wallet.swift"; sourceTree = "<group>"; };
		F52531B2205E8420009E9062 /* GIFWalletInteractor.swift */ = {isa = PBXFileReference; fileEncoding = 4; lastKnownFileType = sourcecode.swift; path = GIFWalletInteractor.swift; sourceTree = "<group>"; };
		F52531B4205E8441009E9062 /* GIFDetailsInteractor.swift */ = {isa = PBXFileReference; lastKnownFileType = sourcecode.swift; path = GIFDetailsInteractor.swift; sourceTree = "<group>"; };
		F52531B6205E84EA009E9062 /* UIImageView+Wallet.swift */ = {isa = PBXFileReference; fileEncoding = 4; lastKnownFileType = sourcecode.swift; path = "UIImageView+Wallet.swift"; sourceTree = "<group>"; };
		F52531B8205E857F009E9062 /* SnapshotTest.swift */ = {isa = PBXFileReference; fileEncoding = 4; lastKnownFileType = sourcecode.swift; path = SnapshotTest.swift; sourceTree = "<group>"; };
		F52531B9205E8580009E9062 /* GIFWalletViewControllerTests.swift */ = {isa = PBXFileReference; fileEncoding = 4; lastKnownFileType = sourcecode.swift; path = GIFWalletViewControllerTests.swift; sourceTree = "<group>"; };
		F52531BD205E86BF009E9062 /* GIFDetailViewControllerTests.swift */ = {isa = PBXFileReference; lastKnownFileType = sourcecode.swift; path = GIFDetailViewControllerTests.swift; sourceTree = "<group>"; };
		F528E8C120545A05003A8421 /* UILabel+Wallet.swift */ = {isa = PBXFileReference; lastKnownFileType = sourcecode.swift; path = "UILabel+Wallet.swift"; sourceTree = "<group>"; };
		F54F91E020540023000891B2 /* AutoLayoutTestsViewController.swift */ = {isa = PBXFileReference; lastKnownFileType = sourcecode.swift; path = AutoLayoutTestsViewController.swift; sourceTree = "<group>"; };
		F54F91E22054277D000891B2 /* GIFDetailsViewController.swift */ = {isa = PBXFileReference; lastKnownFileType = sourcecode.swift; path = GIFDetailsViewController.swift; sourceTree = "<group>"; };
		F5BF8487205023020091BA88 /* CollectionViewStatefulDataSource.swift */ = {isa = PBXFileReference; lastKnownFileType = sourcecode.swift; path = CollectionViewStatefulDataSource.swift; sourceTree = "<group>"; };
		F5CA2DE4206BAC780089E9D5 /* DataStore.swift */ = {isa = PBXFileReference; lastKnownFileType = sourcecode.swift; path = DataStore.swift; sourceTree = "<group>"; };
		F5CA2DE6206BACB00089E9D5 /* DataStoreTests.swift */ = {isa = PBXFileReference; lastKnownFileType = sourcecode.swift; path = DataStoreTests.swift; sourceTree = "<group>"; };
		F5CA2DEA206BAE460089E9D5 /* Model.xcdatamodel */ = {isa = PBXFileReference; lastKnownFileType = wrapper.xcdatamodel; path = Model.xcdatamodel; sourceTree = "<group>"; };
		F5CE5CC82057EEAF007765F6 /* UIViewControllerTransitionCoordinator+Wallet.swift */ = {isa = PBXFileReference; lastKnownFileType = sourcecode.swift; path = "UIViewControllerTransitionCoordinator+Wallet.swift"; sourceTree = "<group>"; };
		F5D1D43A20499B880012E800 /* GifWallet.app */ = {isa = PBXFileReference; explicitFileType = wrapper.application; includeInIndex = 0; path = GifWallet.app; sourceTree = BUILT_PRODUCTS_DIR; };
		F5D1D43D20499B880012E800 /* AppDelegate.swift */ = {isa = PBXFileReference; lastKnownFileType = sourcecode.swift; path = AppDelegate.swift; sourceTree = "<group>"; };
		F5D1D44620499B880012E800 /* Assets.xcassets */ = {isa = PBXFileReference; lastKnownFileType = folder.assetcatalog; path = Assets.xcassets; sourceTree = "<group>"; };
		F5D1D44920499B880012E800 /* Base */ = {isa = PBXFileReference; lastKnownFileType = file.storyboard; name = Base; path = Base.lproj/LaunchScreen.storyboard; sourceTree = "<group>"; };
		F5D1D44B20499B880012E800 /* Info.plist */ = {isa = PBXFileReference; lastKnownFileType = text.plist.xml; path = Info.plist; sourceTree = "<group>"; };
		F5D1D45020499B880012E800 /* GifWalletTests.xctest */ = {isa = PBXFileReference; explicitFileType = wrapper.cfbundle; includeInIndex = 0; path = GifWalletTests.xctest; sourceTree = BUILT_PRODUCTS_DIR; };
		F5D1D45620499B880012E800 /* Info.plist */ = {isa = PBXFileReference; lastKnownFileType = text.plist.xml; path = Info.plist; sourceTree = "<group>"; };
		F5D1D47220499E2F0012E800 /* GifWalletKit.framework */ = {isa = PBXFileReference; explicitFileType = wrapper.framework; includeInIndex = 0; path = GifWalletKit.framework; sourceTree = BUILT_PRODUCTS_DIR; };
		F5D1D47420499E2F0012E800 /* GifWalletKit.h */ = {isa = PBXFileReference; lastKnownFileType = sourcecode.c.h; path = GifWalletKit.h; sourceTree = "<group>"; };
		F5D1D47520499E2F0012E800 /* Info.plist */ = {isa = PBXFileReference; lastKnownFileType = text.plist.xml; path = Info.plist; sourceTree = "<group>"; };
		F5D1D47A20499E300012E800 /* GifWalletKitTests.xctest */ = {isa = PBXFileReference; explicitFileType = wrapper.cfbundle; includeInIndex = 0; path = GifWalletKitTests.xctest; sourceTree = BUILT_PRODUCTS_DIR; };
		F5D1D48120499E300012E800 /* APIClientTests.swift */ = {isa = PBXFileReference; lastKnownFileType = sourcecode.swift; path = APIClientTests.swift; sourceTree = "<group>"; };
		F5D1D48320499E300012E800 /* Info.plist */ = {isa = PBXFileReference; lastKnownFileType = text.plist.xml; path = Info.plist; sourceTree = "<group>"; };
		F5D1D49020499ED00012E800 /* APIClient.swift */ = {isa = PBXFileReference; lastKnownFileType = sourcecode.swift; path = APIClient.swift; sourceTree = "<group>"; };
		F5D1D4922049A0620012E800 /* AppStore.xcconfig */ = {isa = PBXFileReference; lastKnownFileType = text.xcconfig; path = AppStore.xcconfig; sourceTree = "<group>"; };
		F5D1D4932049A0730012E800 /* Development.xcconfig */ = {isa = PBXFileReference; lastKnownFileType = text.xcconfig; path = Development.xcconfig; sourceTree = "<group>"; };
		F5D3DE322065221500B5AF34 /* GiphyAPIClient.swift */ = {isa = PBXFileReference; lastKnownFileType = sourcecode.swift; path = GiphyAPIClient.swift; sourceTree = "<group>"; };
		F5D3DE3420652C2200B5AF34 /* GiphyAPIClientTests.swift */ = {isa = PBXFileReference; lastKnownFileType = sourcecode.swift; path = GiphyAPIClientTests.swift; sourceTree = "<group>"; };
		F5E0ED0C2063CC1600D90C6C /* HTTPBin.swift */ = {isa = PBXFileReference; lastKnownFileType = sourcecode.swift; path = HTTPBin.swift; sourceTree = "<group>"; };
		F5F1CB692062796E006164C6 /* Endpoint.swift */ = {isa = PBXFileReference; lastKnownFileType = sourcecode.swift; path = Endpoint.swift; sourceTree = "<group>"; };
		F5F1CB6B20627984006164C6 /* Environment.swift */ = {isa = PBXFileReference; lastKnownFileType = sourcecode.swift; path = Environment.swift; sourceTree = "<group>"; };
/* End PBXFileReference section */

/* Begin PBXFrameworksBuildPhase section */
		F5D1D43720499B880012E800 /* Frameworks */ = {
			isa = PBXFrameworksBuildPhase;
			buildActionMask = 2147483647;
			files = (
				0EDB97AAE181ABCA141291DB /* Pods_GifWallet.framework in Frameworks */,
				F5D1D48720499E300012E800 /* GifWalletKit.framework in Frameworks */,
			);
			runOnlyForDeploymentPostprocessing = 0;
		};
		F5D1D44D20499B880012E800 /* Frameworks */ = {
			isa = PBXFrameworksBuildPhase;
			buildActionMask = 2147483647;
			files = (
				A80657560BD82D2E0081E7BA /* Pods_GifWallet_GifWalletTests.framework in Frameworks */,
			);
			runOnlyForDeploymentPostprocessing = 0;
		};
		F5D1D46E20499E2F0012E800 /* Frameworks */ = {
			isa = PBXFrameworksBuildPhase;
			buildActionMask = 2147483647;
			files = (
				96BD2327B9BF84651CC63C62 /* Pods_GifWalletKit.framework in Frameworks */,
			);
			runOnlyForDeploymentPostprocessing = 0;
		};
		F5D1D47720499E300012E800 /* Frameworks */ = {
			isa = PBXFrameworksBuildPhase;
			buildActionMask = 2147483647;
			files = (
				F5D1D47B20499E300012E800 /* GifWalletKit.framework in Frameworks */,
				DBD58873D5F3DB48080A7CE7 /* Pods_GifWalletKitTests.framework in Frameworks */,
			);
			runOnlyForDeploymentPostprocessing = 0;
		};
/* End PBXFrameworksBuildPhase section */

/* Begin PBXGroup section */
		31A69FBC168507F31CDD8F8B /* Frameworks */ = {
			isa = PBXGroup;
			children = (
				52A6F727CA56BBC6B0F2BC71 /* Pods_GifWallet.framework */,
				BEE38F6BB5FC7E7F8B0E1334 /* Pods_GifWalletKit.framework */,
				90B911351BB114A39736C898 /* Pods_GifWallet_GifWalletTests.framework */,
				624199DCDE93D41517F50D36 /* Pods_GifWalletKitTests.framework */,
			);
			name = Frameworks;
			sourceTree = "<group>";
		};
		DD0F61E484A967F269BCA9C1 /* Pods */ = {
			isa = PBXGroup;
			children = (
				7F0484C73C76BA7AA7F4CA35 /* Pods-GifWallet.debug.xcconfig */,
				832E7926BFBF2E17321EE417 /* Pods-GifWallet.release.xcconfig */,
				1C57C1C750AA91C3F11BA5E4 /* Pods-GifWalletKit.debug.xcconfig */,
				2AECB1B364602EE2C6751957 /* Pods-GifWalletKit.release.xcconfig */,
				7D11D06338086F95ABE110A7 /* Pods-GifWallet-GifWalletTests.debug.xcconfig */,
				0A0653756804371D975D4548 /* Pods-GifWallet-GifWalletTests.release.xcconfig */,
				CA72F024B96DCAB1CC4D2E77 /* Pods-GifWalletKitTests.debug.xcconfig */,
				31E0B42CCC370711E5B1CBF3 /* Pods-GifWalletKitTests.release.xcconfig */,
			);
			name = Pods;
			sourceTree = "<group>";
		};
		F50514F42049AFE800D3C1BB /* Extension */ = {
			isa = PBXGroup;
			children = (
				F52531B6205E84EA009E9062 /* UIImageView+Wallet.swift */,
				F52373BC205150BE007CC1C9 /* UICollectionView+Wallet.swift */,
				F50514F22049AFD200D3C1BB /* UIColor+Wallet.swift */,
				F50514F52049B17E00D3C1BB /* UIView+Wallet.swift */,
				F528E8C120545A05003A8421 /* UILabel+Wallet.swift */,
				F5CE5CC82057EEAF007765F6 /* UIViewControllerTransitionCoordinator+Wallet.swift */,
				F52531AD205D59C4009E9062 /* UIViewController+Wallet.swift */,
			);
			path = Extension;
			sourceTree = "<group>";
		};
		F5071B292049B496001D09B2 /* CollectionViewDataSource */ = {
			isa = PBXGroup;
			children = (
				F52373BA20514FF5007CC1C9 /* ViewModelConfigurable.swift */,
				F5071B252049B3DF001D09B2 /* ListState.swift */,
				F5BF8487205023020091BA88 /* CollectionViewStatefulDataSource.swift */,
			);
			path = CollectionViewDataSource;
			sourceTree = "<group>";
		};
		F52373B420514F39007CC1C9 /* ViewControllers */ = {
			isa = PBXGroup;
			children = (
				F52373B520514F39007CC1C9 /* GIFWalletViewController.swift */,
				F54F91E22054277D000891B2 /* GIFDetailsViewController.swift */,
				F54F91E020540023000891B2 /* AutoLayoutTestsViewController.swift */,
			);
			path = ViewControllers;
			sourceTree = "<group>";
		};
		F52373B720514F78007CC1C9 /* Mocks */ = {
			isa = PBXGroup;
			children = (
				F52373B820514F78007CC1C9 /* MockLoader.swift */,
			);
			path = Mocks;
			sourceTree = "<group>";
		};
		F52531B1205E8420009E9062 /* Interactor */ = {
			isa = PBXGroup;
			children = (
				F52531B2205E8420009E9062 /* GIFWalletInteractor.swift */,
				F52531B4205E8441009E9062 /* GIFDetailsInteractor.swift */,
			);
			path = Interactor;
			sourceTree = "<group>";
		};
		F52531BC205E86AF009E9062 /* Test Suite */ = {
			isa = PBXGroup;
			children = (
				F52531B9205E8580009E9062 /* GIFWalletViewControllerTests.swift */,
				F52531BD205E86BF009E9062 /* GIFDetailViewControllerTests.swift */,
			);
			path = "Test Suite";
			sourceTree = "<group>";
		};
		F5CA2DE8206BAE330089E9D5 /* DataStore */ = {
			isa = PBXGroup;
			children = (
				F5CA2DE9206BAE460089E9D5 /* Model.xcdatamodeld */,
				F5CA2DE4206BAC780089E9D5 /* DataStore.swift */,
			);
			path = DataStore;
			sourceTree = "<group>";
		};
		F5D1D43120499B870012E800 = {
			isa = PBXGroup;
			children = (
				F5D1D43C20499B880012E800 /* GifWallet */,
				F5D1D45320499B880012E800 /* GifWalletTests */,
				F5D1D47320499E2F0012E800 /* GifWalletKit */,
				F5D1D48020499E300012E800 /* GifWalletKitTests */,
				F5D1D43B20499B880012E800 /* Products */,
				DD0F61E484A967F269BCA9C1 /* Pods */,
				31A69FBC168507F31CDD8F8B /* Frameworks */,
			);
			sourceTree = "<group>";
		};
		F5D1D43B20499B880012E800 /* Products */ = {
			isa = PBXGroup;
			children = (
				F5D1D43A20499B880012E800 /* GifWallet.app */,
				F5D1D45020499B880012E800 /* GifWalletTests.xctest */,
				F5D1D47220499E2F0012E800 /* GifWalletKit.framework */,
				F5D1D47A20499E300012E800 /* GifWalletKitTests.xctest */,
			);
			name = Products;
			sourceTree = "<group>";
		};
		F5D1D43C20499B880012E800 /* GifWallet */ = {
			isa = PBXGroup;
			children = (
				F5D1D43D20499B880012E800 /* AppDelegate.swift */,
				F52373B420514F39007CC1C9 /* ViewControllers */,
				F52531B1205E8420009E9062 /* Interactor */,
				F5071B292049B496001D09B2 /* CollectionViewDataSource */,
				F50514F42049AFE800D3C1BB /* Extension */,
				F52373B720514F78007CC1C9 /* Mocks */,
				F5D1D44620499B880012E800 /* Assets.xcassets */,
				F5D1D44820499B880012E800 /* LaunchScreen.storyboard */,
				F5D1D44B20499B880012E800 /* Info.plist */,
				F5D1D4942049A0790012E800 /* Configurations */,
			);
			path = GifWallet;
			sourceTree = "<group>";
		};
		F5D1D45320499B880012E800 /* GifWalletTests */ = {
			isa = PBXGroup;
			children = (
				F52531B8205E857F009E9062 /* SnapshotTest.swift */,
				F52531BC205E86AF009E9062 /* Test Suite */,
				F5D1D45620499B880012E800 /* Info.plist */,
			);
			path = GifWalletTests;
			sourceTree = "<group>";
		};
		F5D1D47320499E2F0012E800 /* GifWalletKit */ = {
			isa = PBXGroup;
			children = (
				F5D1D47420499E2F0012E800 /* GifWalletKit.h */,
				F5D1D47520499E2F0012E800 /* Info.plist */,
				F5D3DE322065221500B5AF34 /* GiphyAPIClient.swift */,
				F5CA2DE8206BAE330089E9D5 /* DataStore */,
				F5D71D052065357D008C888C /* APIClient */,
			);
			path = GifWalletKit;
			sourceTree = "<group>";
		};
		F5D1D48020499E300012E800 /* GifWalletKitTests */ = {
			isa = PBXGroup;
			children = (
				F5CA2DE6206BACB00089E9D5 /* DataStoreTests.swift */,
				F5D1D48120499E300012E800 /* APIClientTests.swift */,
				F5D3DE3420652C2200B5AF34 /* GiphyAPIClientTests.swift */,
				F5D1D48320499E300012E800 /* Info.plist */,
				F5E0ED0B2063BE3D00D90C6C /* Mocks */,
			);
			path = GifWalletKitTests;
			sourceTree = "<group>";
		};
		F5D1D4942049A0790012E800 /* Configurations */ = {
			isa = PBXGroup;
			children = (
				F5D1D4922049A0620012E800 /* AppStore.xcconfig */,
				F5D1D4932049A0730012E800 /* Development.xcconfig */,
			);
			path = Configurations;
			sourceTree = "<group>";
		};
		F5D71D052065357D008C888C /* APIClient */ = {
			isa = PBXGroup;
			children = (
				F5D1D49020499ED00012E800 /* APIClient.swift */,
				F5F1CB692062796E006164C6 /* Endpoint.swift */,
				F5F1CB6B20627984006164C6 /* Environment.swift */,
			);
			path = APIClient;
			sourceTree = "<group>";
		};
		F5E0ED0B2063BE3D00D90C6C /* Mocks */ = {
			isa = PBXGroup;
			children = (
				F5E0ED0C2063CC1600D90C6C /* HTTPBin.swift */,
			);
			path = Mocks;
			sourceTree = "<group>";
		};
/* End PBXGroup section */

/* Begin PBXHeadersBuildPhase section */
		F5D1D46F20499E2F0012E800 /* Headers */ = {
			isa = PBXHeadersBuildPhase;
			buildActionMask = 2147483647;
			files = (
				F5D1D48420499E300012E800 /* GifWalletKit.h in Headers */,
			);
			runOnlyForDeploymentPostprocessing = 0;
		};
/* End PBXHeadersBuildPhase section */

/* Begin PBXNativeTarget section */
		F5D1D43920499B880012E800 /* GifWallet */ = {
			isa = PBXNativeTarget;
			buildConfigurationList = F5D1D46420499B880012E800 /* Build configuration list for PBXNativeTarget "GifWallet" */;
			buildPhases = (
				94800426A7FD4683A6F4FB0E /* [CP] Check Pods Manifest.lock */,
				F5D1D43620499B880012E800 /* Sources */,
				F5D1D43720499B880012E800 /* Frameworks */,
				F5D1D43820499B880012E800 /* Resources */,
				44AD65C36388A1A649ADBEED /* [CP] Embed Pods Frameworks */,
				F5D1D48E20499E300012E800 /* Embed Frameworks */,
			);
			buildRules = (
			);
			dependencies = (
				F5D1D48620499E300012E800 /* PBXTargetDependency */,
			);
			name = GifWallet;
			productName = GifWallet;
			productReference = F5D1D43A20499B880012E800 /* GifWallet.app */;
			productType = "com.apple.product-type.application";
		};
		F5D1D44F20499B880012E800 /* GifWalletTests */ = {
			isa = PBXNativeTarget;
			buildConfigurationList = F5D1D46720499B880012E800 /* Build configuration list for PBXNativeTarget "GifWalletTests" */;
			buildPhases = (
				19F391EAB054D07B9FE2C634 /* [CP] Check Pods Manifest.lock */,
				F5D1D44C20499B880012E800 /* Sources */,
				F5D1D44D20499B880012E800 /* Frameworks */,
				F5D1D44E20499B880012E800 /* Resources */,
				228E61E740DAB9DAE2A40149 /* [CP] Embed Pods Frameworks */,
			);
			buildRules = (
			);
			dependencies = (
				F5D1D45220499B880012E800 /* PBXTargetDependency */,
			);
			name = GifWalletTests;
			productName = GifWalletTests;
			productReference = F5D1D45020499B880012E800 /* GifWalletTests.xctest */;
			productType = "com.apple.product-type.bundle.unit-test";
		};
		F5D1D47120499E2F0012E800 /* GifWalletKit */ = {
			isa = PBXNativeTarget;
			buildConfigurationList = F5D1D48D20499E300012E800 /* Build configuration list for PBXNativeTarget "GifWalletKit" */;
			buildPhases = (
				87660106223F79343BA173AC /* [CP] Check Pods Manifest.lock */,
				F5D1D46D20499E2F0012E800 /* Sources */,
				F5D1D46E20499E2F0012E800 /* Frameworks */,
				F5D1D46F20499E2F0012E800 /* Headers */,
				F5D1D47020499E2F0012E800 /* Resources */,
			);
			buildRules = (
			);
			dependencies = (
			);
			name = GifWalletKit;
			productName = GifWalletKit;
			productReference = F5D1D47220499E2F0012E800 /* GifWalletKit.framework */;
			productType = "com.apple.product-type.framework";
		};
		F5D1D47920499E300012E800 /* GifWalletKitTests */ = {
			isa = PBXNativeTarget;
			buildConfigurationList = F5D1D48F20499E300012E800 /* Build configuration list for PBXNativeTarget "GifWalletKitTests" */;
			buildPhases = (
				2EAAACE447C57FC776A5A874 /* [CP] Check Pods Manifest.lock */,
				F5D1D47620499E300012E800 /* Sources */,
				F5D1D47720499E300012E800 /* Frameworks */,
				F5D1D47820499E300012E800 /* Resources */,
				A1C95F2F70FA700757726C63 /* [CP] Embed Pods Frameworks */,
			);
			buildRules = (
			);
			dependencies = (
				F5D1D47D20499E300012E800 /* PBXTargetDependency */,
				F5D1D47F20499E300012E800 /* PBXTargetDependency */,
			);
			name = GifWalletKitTests;
			productName = GifWalletKitTests;
			productReference = F5D1D47A20499E300012E800 /* GifWalletKitTests.xctest */;
			productType = "com.apple.product-type.bundle.unit-test";
		};
/* End PBXNativeTarget section */

/* Begin PBXProject section */
		F5D1D43220499B870012E800 /* Project object */ = {
			isa = PBXProject;
			attributes = {
				LastSwiftUpdateCheck = 0920;
				LastUpgradeCheck = 0920;
				ORGANIZATIONNAME = "Code Crafters";
				TargetAttributes = {
					F5D1D43920499B880012E800 = {
						CreatedOnToolsVersion = 9.2;
						ProvisioningStyle = Automatic;
					};
					F5D1D44F20499B880012E800 = {
						CreatedOnToolsVersion = 9.2;
						LastSwiftMigration = 0920;
						ProvisioningStyle = Automatic;
						TestTargetID = F5D1D43920499B880012E800;
					};
					F5D1D47120499E2F0012E800 = {
						CreatedOnToolsVersion = 9.2;
						LastSwiftMigration = 0920;
						ProvisioningStyle = Automatic;
					};
					F5D1D47920499E300012E800 = {
						CreatedOnToolsVersion = 9.2;
						ProvisioningStyle = Automatic;
						TestTargetID = F5D1D43920499B880012E800;
					};
				};
			};
			buildConfigurationList = F5D1D43520499B870012E800 /* Build configuration list for PBXProject "GifWallet" */;
			compatibilityVersion = "Xcode 8.0";
			developmentRegion = en;
			hasScannedForEncodings = 0;
			knownRegions = (
				en,
				Base,
			);
			mainGroup = F5D1D43120499B870012E800;
			productRefGroup = F5D1D43B20499B880012E800 /* Products */;
			projectDirPath = "";
			projectRoot = "";
			targets = (
				F5D1D43920499B880012E800 /* GifWallet */,
				F5D1D44F20499B880012E800 /* GifWalletTests */,
				F5D1D47120499E2F0012E800 /* GifWalletKit */,
				F5D1D47920499E300012E800 /* GifWalletKitTests */,
			);
		};
/* End PBXProject section */

/* Begin PBXResourcesBuildPhase section */
		F5D1D43820499B880012E800 /* Resources */ = {
			isa = PBXResourcesBuildPhase;
			buildActionMask = 2147483647;
			files = (
				F5D1D44A20499B880012E800 /* LaunchScreen.storyboard in Resources */,
				F5D1D44720499B880012E800 /* Assets.xcassets in Resources */,
			);
			runOnlyForDeploymentPostprocessing = 0;
		};
		F5D1D44E20499B880012E800 /* Resources */ = {
			isa = PBXResourcesBuildPhase;
			buildActionMask = 2147483647;
			files = (
			);
			runOnlyForDeploymentPostprocessing = 0;
		};
		F5D1D47020499E2F0012E800 /* Resources */ = {
			isa = PBXResourcesBuildPhase;
			buildActionMask = 2147483647;
			files = (
			);
			runOnlyForDeploymentPostprocessing = 0;
		};
		F5D1D47820499E300012E800 /* Resources */ = {
			isa = PBXResourcesBuildPhase;
			buildActionMask = 2147483647;
			files = (
			);
			runOnlyForDeploymentPostprocessing = 0;
		};
/* End PBXResourcesBuildPhase section */

/* Begin PBXShellScriptBuildPhase section */
		19F391EAB054D07B9FE2C634 /* [CP] Check Pods Manifest.lock */ = {
			isa = PBXShellScriptBuildPhase;
			buildActionMask = 2147483647;
			files = (
			);
			inputPaths = (
				"${PODS_PODFILE_DIR_PATH}/Podfile.lock",
				"${PODS_ROOT}/Manifest.lock",
			);
			name = "[CP] Check Pods Manifest.lock";
			outputPaths = (
				"$(DERIVED_FILE_DIR)/Pods-GifWallet-GifWalletTests-checkManifestLockResult.txt",
			);
			runOnlyForDeploymentPostprocessing = 0;
			shellPath = /bin/sh;
			shellScript = "diff \"${PODS_PODFILE_DIR_PATH}/Podfile.lock\" \"${PODS_ROOT}/Manifest.lock\" > /dev/null\nif [ $? != 0 ] ; then\n    # print error to STDERR\n    echo \"error: The sandbox is not in sync with the Podfile.lock. Run 'pod install' or update your CocoaPods installation.\" >&2\n    exit 1\nfi\n# This output is used by Xcode 'outputs' to avoid re-running this script phase.\necho \"SUCCESS\" > \"${SCRIPT_OUTPUT_FILE_0}\"\n";
			showEnvVarsInLog = 0;
		};
		228E61E740DAB9DAE2A40149 /* [CP] Embed Pods Frameworks */ = {
			isa = PBXShellScriptBuildPhase;
			buildActionMask = 2147483647;
			files = (
			);
			inputPaths = (
				"${SRCROOT}/Pods/Target Support Files/Pods-GifWallet-GifWalletTests/Pods-GifWallet-GifWalletTests-frameworks.sh",
				"${BUILT_PRODUCTS_DIR}/FLAnimatedImage/FLAnimatedImage.framework",
				"${BUILT_PRODUCTS_DIR}/SDWebImage/SDWebImage.framework",
				"${BUILT_PRODUCTS_DIR}/TagListView/TagListView.framework",
				"${BUILT_PRODUCTS_DIR}/iOSSnapshotTestCase/FBSnapshotTestCase.framework",
			);
			name = "[CP] Embed Pods Frameworks";
			outputPaths = (
				"${TARGET_BUILD_DIR}/${FRAMEWORKS_FOLDER_PATH}/FLAnimatedImage.framework",
				"${TARGET_BUILD_DIR}/${FRAMEWORKS_FOLDER_PATH}/SDWebImage.framework",
				"${TARGET_BUILD_DIR}/${FRAMEWORKS_FOLDER_PATH}/TagListView.framework",
				"${TARGET_BUILD_DIR}/${FRAMEWORKS_FOLDER_PATH}/FBSnapshotTestCase.framework",
			);
			runOnlyForDeploymentPostprocessing = 0;
			shellPath = /bin/sh;
			shellScript = "\"${SRCROOT}/Pods/Target Support Files/Pods-GifWallet-GifWalletTests/Pods-GifWallet-GifWalletTests-frameworks.sh\"\n";
			showEnvVarsInLog = 0;
		};
		2EAAACE447C57FC776A5A874 /* [CP] Check Pods Manifest.lock */ = {
			isa = PBXShellScriptBuildPhase;
			buildActionMask = 2147483647;
			files = (
			);
			inputPaths = (
				"${PODS_PODFILE_DIR_PATH}/Podfile.lock",
				"${PODS_ROOT}/Manifest.lock",
			);
			name = "[CP] Check Pods Manifest.lock";
			outputPaths = (
				"$(DERIVED_FILE_DIR)/Pods-GifWalletKitTests-checkManifestLockResult.txt",
			);
			runOnlyForDeploymentPostprocessing = 0;
			shellPath = /bin/sh;
			shellScript = "diff \"${PODS_PODFILE_DIR_PATH}/Podfile.lock\" \"${PODS_ROOT}/Manifest.lock\" > /dev/null\nif [ $? != 0 ] ; then\n    # print error to STDERR\n    echo \"error: The sandbox is not in sync with the Podfile.lock. Run 'pod install' or update your CocoaPods installation.\" >&2\n    exit 1\nfi\n# This output is used by Xcode 'outputs' to avoid re-running this script phase.\necho \"SUCCESS\" > \"${SCRIPT_OUTPUT_FILE_0}\"\n";
			showEnvVarsInLog = 0;
		};
		44AD65C36388A1A649ADBEED /* [CP] Embed Pods Frameworks */ = {
			isa = PBXShellScriptBuildPhase;
			buildActionMask = 2147483647;
			files = (
			);
			inputPaths = (
				"${SRCROOT}/Pods/Target Support Files/Pods-GifWallet/Pods-GifWallet-frameworks.sh",
				"${BUILT_PRODUCTS_DIR}/FLAnimatedImage/FLAnimatedImage.framework",
				"${BUILT_PRODUCTS_DIR}/SDWebImage/SDWebImage.framework",
				"${BUILT_PRODUCTS_DIR}/TagListView/TagListView.framework",
				"${BUILT_PRODUCTS_DIR}/Async/Async.framework",
			);
			name = "[CP] Embed Pods Frameworks";
			outputPaths = (
				"${TARGET_BUILD_DIR}/${FRAMEWORKS_FOLDER_PATH}/FLAnimatedImage.framework",
				"${TARGET_BUILD_DIR}/${FRAMEWORKS_FOLDER_PATH}/SDWebImage.framework",
				"${TARGET_BUILD_DIR}/${FRAMEWORKS_FOLDER_PATH}/TagListView.framework",
				"${TARGET_BUILD_DIR}/${FRAMEWORKS_FOLDER_PATH}/Async.framework",
			);
			runOnlyForDeploymentPostprocessing = 0;
			shellPath = /bin/sh;
			shellScript = "\"${SRCROOT}/Pods/Target Support Files/Pods-GifWallet/Pods-GifWallet-frameworks.sh\"\n";
			showEnvVarsInLog = 0;
		};
		87660106223F79343BA173AC /* [CP] Check Pods Manifest.lock */ = {
			isa = PBXShellScriptBuildPhase;
			buildActionMask = 2147483647;
			files = (
			);
			inputPaths = (
				"${PODS_PODFILE_DIR_PATH}/Podfile.lock",
				"${PODS_ROOT}/Manifest.lock",
			);
			name = "[CP] Check Pods Manifest.lock";
			outputPaths = (
				"$(DERIVED_FILE_DIR)/Pods-GifWalletKit-checkManifestLockResult.txt",
			);
			runOnlyForDeploymentPostprocessing = 0;
			shellPath = /bin/sh;
			shellScript = "diff \"${PODS_PODFILE_DIR_PATH}/Podfile.lock\" \"${PODS_ROOT}/Manifest.lock\" > /dev/null\nif [ $? != 0 ] ; then\n    # print error to STDERR\n    echo \"error: The sandbox is not in sync with the Podfile.lock. Run 'pod install' or update your CocoaPods installation.\" >&2\n    exit 1\nfi\n# This output is used by Xcode 'outputs' to avoid re-running this script phase.\necho \"SUCCESS\" > \"${SCRIPT_OUTPUT_FILE_0}\"\n";
			showEnvVarsInLog = 0;
		};
		94800426A7FD4683A6F4FB0E /* [CP] Check Pods Manifest.lock */ = {
			isa = PBXShellScriptBuildPhase;
			buildActionMask = 2147483647;
			files = (
			);
			inputPaths = (
				"${PODS_PODFILE_DIR_PATH}/Podfile.lock",
				"${PODS_ROOT}/Manifest.lock",
			);
			name = "[CP] Check Pods Manifest.lock";
			outputPaths = (
				"$(DERIVED_FILE_DIR)/Pods-GifWallet-checkManifestLockResult.txt",
			);
			runOnlyForDeploymentPostprocessing = 0;
			shellPath = /bin/sh;
			shellScript = "diff \"${PODS_PODFILE_DIR_PATH}/Podfile.lock\" \"${PODS_ROOT}/Manifest.lock\" > /dev/null\nif [ $? != 0 ] ; then\n    # print error to STDERR\n    echo \"error: The sandbox is not in sync with the Podfile.lock. Run 'pod install' or update your CocoaPods installation.\" >&2\n    exit 1\nfi\n# This output is used by Xcode 'outputs' to avoid re-running this script phase.\necho \"SUCCESS\" > \"${SCRIPT_OUTPUT_FILE_0}\"\n";
			showEnvVarsInLog = 0;
		};
		A1C95F2F70FA700757726C63 /* [CP] Embed Pods Frameworks */ = {
			isa = PBXShellScriptBuildPhase;
			buildActionMask = 2147483647;
			files = (
			);
			inputPaths = (
				"${SRCROOT}/Pods/Target Support Files/Pods-GifWalletKitTests/Pods-GifWalletKitTests-frameworks.sh",
				"${BUILT_PRODUCTS_DIR}/Async/Async.framework",
			);
			name = "[CP] Embed Pods Frameworks";
			outputPaths = (
				"${TARGET_BUILD_DIR}/${FRAMEWORKS_FOLDER_PATH}/Async.framework",
			);
			runOnlyForDeploymentPostprocessing = 0;
			shellPath = /bin/sh;
			shellScript = "\"${SRCROOT}/Pods/Target Support Files/Pods-GifWalletKitTests/Pods-GifWalletKitTests-frameworks.sh\"\n";
			showEnvVarsInLog = 0;
		};
/* End PBXShellScriptBuildPhase section */

/* Begin PBXSourcesBuildPhase section */
		F5D1D43620499B880012E800 /* Sources */ = {
			isa = PBXSourcesBuildPhase;
			buildActionMask = 2147483647;
			files = (
				F52373B920514F78007CC1C9 /* MockLoader.swift in Sources */,
				F54F91E120540023000891B2 /* AutoLayoutTestsViewController.swift in Sources */,
				F5D1D43E20499B880012E800 /* AppDelegate.swift in Sources */,
				F5CE5CC92057EEAF007765F6 /* UIViewControllerTransitionCoordinator+Wallet.swift in Sources */,
				F54F91E32054277D000891B2 /* GIFDetailsViewController.swift in Sources */,
				F52531B5205E8441009E9062 /* GIFDetailsInteractor.swift in Sources */,
				F528E8C220545A05003A8421 /* UILabel+Wallet.swift in Sources */,
				F52531B7205E84EB009E9062 /* UIImageView+Wallet.swift in Sources */,
				F52531B3205E8421009E9062 /* GIFWalletInteractor.swift in Sources */,
				F5BF8488205023020091BA88 /* CollectionViewStatefulDataSource.swift in Sources */,
				F52531AE205D59C4009E9062 /* UIViewController+Wallet.swift in Sources */,
				F52373BD205150BE007CC1C9 /* UICollectionView+Wallet.swift in Sources */,
				F52373BB20514FF5007CC1C9 /* ViewModelConfigurable.swift in Sources */,
				F50514F32049AFD200D3C1BB /* UIColor+Wallet.swift in Sources */,
				F5071B262049B3DF001D09B2 /* ListState.swift in Sources */,
				F52373B620514F3A007CC1C9 /* GIFWalletViewController.swift in Sources */,
				F50514F62049B17E00D3C1BB /* UIView+Wallet.swift in Sources */,
			);
			runOnlyForDeploymentPostprocessing = 0;
		};
		F5D1D44C20499B880012E800 /* Sources */ = {
			isa = PBXSourcesBuildPhase;
			buildActionMask = 2147483647;
			files = (
				F52531BB205E8580009E9062 /* GIFWalletViewControllerTests.swift in Sources */,
				F52531BE205E86BF009E9062 /* GIFDetailViewControllerTests.swift in Sources */,
				F52531BA205E8580009E9062 /* SnapshotTest.swift in Sources */,
			);
			runOnlyForDeploymentPostprocessing = 0;
		};
		F5D1D46D20499E2F0012E800 /* Sources */ = {
			isa = PBXSourcesBuildPhase;
			buildActionMask = 2147483647;
			files = (
				F5F1CB6A2062796E006164C6 /* Endpoint.swift in Sources */,
				F5D3DE332065221500B5AF34 /* GiphyAPIClient.swift in Sources */,
				F5F1CB6C20627984006164C6 /* Environment.swift in Sources */,
				F5CA2DE5206BAC780089E9D5 /* DataStore.swift in Sources */,
				F5D1D49120499ED00012E800 /* APIClient.swift in Sources */,
				F5CA2DEB206BAE460089E9D5 /* Model.xcdatamodeld in Sources */,
			);
			runOnlyForDeploymentPostprocessing = 0;
		};
		F5D1D47620499E300012E800 /* Sources */ = {
			isa = PBXSourcesBuildPhase;
			buildActionMask = 2147483647;
			files = (
				F5D1D48220499E300012E800 /* APIClientTests.swift in Sources */,
				F5CA2DE7206BACB00089E9D5 /* DataStoreTests.swift in Sources */,
				F5E0ED0D2063CC1600D90C6C /* HTTPBin.swift in Sources */,
				F5D3DE3520652C2200B5AF34 /* GiphyAPIClientTests.swift in Sources */,
			);
			runOnlyForDeploymentPostprocessing = 0;
		};
/* End PBXSourcesBuildPhase section */

/* Begin PBXTargetDependency section */
		F5D1D45220499B880012E800 /* PBXTargetDependency */ = {
			isa = PBXTargetDependency;
			target = F5D1D43920499B880012E800 /* GifWallet */;
			targetProxy = F5D1D45120499B880012E800 /* PBXContainerItemProxy */;
		};
		F5D1D47D20499E300012E800 /* PBXTargetDependency */ = {
			isa = PBXTargetDependency;
			target = F5D1D47120499E2F0012E800 /* GifWalletKit */;
			targetProxy = F5D1D47C20499E300012E800 /* PBXContainerItemProxy */;
		};
		F5D1D47F20499E300012E800 /* PBXTargetDependency */ = {
			isa = PBXTargetDependency;
			target = F5D1D43920499B880012E800 /* GifWallet */;
			targetProxy = F5D1D47E20499E300012E800 /* PBXContainerItemProxy */;
		};
		F5D1D48620499E300012E800 /* PBXTargetDependency */ = {
			isa = PBXTargetDependency;
			target = F5D1D47120499E2F0012E800 /* GifWalletKit */;
			targetProxy = F5D1D48520499E300012E800 /* PBXContainerItemProxy */;
		};
/* End PBXTargetDependency section */

/* Begin PBXVariantGroup section */
		F5D1D44820499B880012E800 /* LaunchScreen.storyboard */ = {
			isa = PBXVariantGroup;
			children = (
				F5D1D44920499B880012E800 /* Base */,
			);
			name = LaunchScreen.storyboard;
			sourceTree = "<group>";
		};
/* End PBXVariantGroup section */

/* Begin XCBuildConfiguration section */
		F5D1D46220499B880012E800 /* Debug */ = {
			isa = XCBuildConfiguration;
			buildSettings = {
				ALWAYS_SEARCH_USER_PATHS = NO;
				CLANG_ANALYZER_NONNULL = YES;
				CLANG_ANALYZER_NUMBER_OBJECT_CONVERSION = YES_AGGRESSIVE;
				CLANG_CXX_LANGUAGE_STANDARD = "gnu++14";
				CLANG_CXX_LIBRARY = "libc++";
				CLANG_ENABLE_MODULES = YES;
				CLANG_ENABLE_OBJC_ARC = YES;
				CLANG_WARN_BLOCK_CAPTURE_AUTORELEASING = YES;
				CLANG_WARN_BOOL_CONVERSION = YES;
				CLANG_WARN_COMMA = YES;
				CLANG_WARN_CONSTANT_CONVERSION = YES;
				CLANG_WARN_DIRECT_OBJC_ISA_USAGE = YES_ERROR;
				CLANG_WARN_DOCUMENTATION_COMMENTS = YES;
				CLANG_WARN_EMPTY_BODY = YES;
				CLANG_WARN_ENUM_CONVERSION = YES;
				CLANG_WARN_INFINITE_RECURSION = YES;
				CLANG_WARN_INT_CONVERSION = YES;
				CLANG_WARN_NON_LITERAL_NULL_CONVERSION = YES;
				CLANG_WARN_OBJC_LITERAL_CONVERSION = YES;
				CLANG_WARN_OBJC_ROOT_CLASS = YES_ERROR;
				CLANG_WARN_RANGE_LOOP_ANALYSIS = YES;
				CLANG_WARN_STRICT_PROTOTYPES = YES;
				CLANG_WARN_SUSPICIOUS_MOVE = YES;
				CLANG_WARN_UNGUARDED_AVAILABILITY = YES_AGGRESSIVE;
				CLANG_WARN_UNREACHABLE_CODE = YES;
				CLANG_WARN__DUPLICATE_METHOD_MATCH = YES;
				CODE_SIGN_IDENTITY = "iPhone Developer";
				COPY_PHASE_STRIP = NO;
				DEBUG_INFORMATION_FORMAT = dwarf;
				ENABLE_STRICT_OBJC_MSGSEND = YES;
				ENABLE_TESTABILITY = YES;
				GCC_C_LANGUAGE_STANDARD = gnu11;
				GCC_DYNAMIC_NO_PIC = NO;
				GCC_NO_COMMON_BLOCKS = YES;
				GCC_OPTIMIZATION_LEVEL = 0;
				GCC_PREPROCESSOR_DEFINITIONS = (
					"DEBUG=1",
					"$(inherited)",
				);
				GCC_WARN_64_TO_32_BIT_CONVERSION = YES;
				GCC_WARN_ABOUT_RETURN_TYPE = YES_ERROR;
				GCC_WARN_UNDECLARED_SELECTOR = YES;
				GCC_WARN_UNINITIALIZED_AUTOS = YES_AGGRESSIVE;
				GCC_WARN_UNUSED_FUNCTION = YES;
				GCC_WARN_UNUSED_VARIABLE = YES;
				IPHONEOS_DEPLOYMENT_TARGET = 11.2;
				MTL_ENABLE_DEBUG_INFO = YES;
				ONLY_ACTIVE_ARCH = YES;
				SDKROOT = iphoneos;
				SWIFT_ACTIVE_COMPILATION_CONDITIONS = DEBUG;
				SWIFT_OPTIMIZATION_LEVEL = "-Onone";
			};
			name = Debug;
		};
		F5D1D46320499B880012E800 /* Release */ = {
			isa = XCBuildConfiguration;
			buildSettings = {
				ALWAYS_SEARCH_USER_PATHS = NO;
				CLANG_ANALYZER_NONNULL = YES;
				CLANG_ANALYZER_NUMBER_OBJECT_CONVERSION = YES_AGGRESSIVE;
				CLANG_CXX_LANGUAGE_STANDARD = "gnu++14";
				CLANG_CXX_LIBRARY = "libc++";
				CLANG_ENABLE_MODULES = YES;
				CLANG_ENABLE_OBJC_ARC = YES;
				CLANG_WARN_BLOCK_CAPTURE_AUTORELEASING = YES;
				CLANG_WARN_BOOL_CONVERSION = YES;
				CLANG_WARN_COMMA = YES;
				CLANG_WARN_CONSTANT_CONVERSION = YES;
				CLANG_WARN_DIRECT_OBJC_ISA_USAGE = YES_ERROR;
				CLANG_WARN_DOCUMENTATION_COMMENTS = YES;
				CLANG_WARN_EMPTY_BODY = YES;
				CLANG_WARN_ENUM_CONVERSION = YES;
				CLANG_WARN_INFINITE_RECURSION = YES;
				CLANG_WARN_INT_CONVERSION = YES;
				CLANG_WARN_NON_LITERAL_NULL_CONVERSION = YES;
				CLANG_WARN_OBJC_LITERAL_CONVERSION = YES;
				CLANG_WARN_OBJC_ROOT_CLASS = YES_ERROR;
				CLANG_WARN_RANGE_LOOP_ANALYSIS = YES;
				CLANG_WARN_STRICT_PROTOTYPES = YES;
				CLANG_WARN_SUSPICIOUS_MOVE = YES;
				CLANG_WARN_UNGUARDED_AVAILABILITY = YES_AGGRESSIVE;
				CLANG_WARN_UNREACHABLE_CODE = YES;
				CLANG_WARN__DUPLICATE_METHOD_MATCH = YES;
				CODE_SIGN_IDENTITY = "iPhone Developer";
				COPY_PHASE_STRIP = NO;
				DEBUG_INFORMATION_FORMAT = "dwarf-with-dsym";
				ENABLE_NS_ASSERTIONS = NO;
				ENABLE_STRICT_OBJC_MSGSEND = YES;
				GCC_C_LANGUAGE_STANDARD = gnu11;
				GCC_NO_COMMON_BLOCKS = YES;
				GCC_WARN_64_TO_32_BIT_CONVERSION = YES;
				GCC_WARN_ABOUT_RETURN_TYPE = YES_ERROR;
				GCC_WARN_UNDECLARED_SELECTOR = YES;
				GCC_WARN_UNINITIALIZED_AUTOS = YES_AGGRESSIVE;
				GCC_WARN_UNUSED_FUNCTION = YES;
				GCC_WARN_UNUSED_VARIABLE = YES;
				IPHONEOS_DEPLOYMENT_TARGET = 11.2;
				MTL_ENABLE_DEBUG_INFO = NO;
				SDKROOT = iphoneos;
				SWIFT_OPTIMIZATION_LEVEL = "-Owholemodule";
				VALIDATE_PRODUCT = YES;
			};
			name = Release;
		};
		F5D1D46520499B880012E800 /* Debug */ = {
			isa = XCBuildConfiguration;
			baseConfigurationReference = F5D1D4932049A0730012E800 /* Development.xcconfig */;
			buildSettings = {
				ASSETCATALOG_COMPILER_APPICON_NAME = AppIcon;
				CODE_SIGN_STYLE = Automatic;
				DEVELOPMENT_TEAM = JC3H35UYFP;
				INFOPLIST_FILE = GifWallet/Info.plist;
				LD_RUNPATH_SEARCH_PATHS = "$(inherited) @executable_path/Frameworks";
				PRODUCT_NAME = "$(TARGET_NAME)";
				SWIFT_VERSION = 4.0;
				TARGETED_DEVICE_FAMILY = "1,2";
			};
			name = Debug;
		};
		F5D1D46620499B880012E800 /* Release */ = {
			isa = XCBuildConfiguration;
			baseConfigurationReference = F5D1D4922049A0620012E800 /* AppStore.xcconfig */;
			buildSettings = {
				ASSETCATALOG_COMPILER_APPICON_NAME = AppIcon;
				CODE_SIGN_STYLE = Automatic;
				DEVELOPMENT_TEAM = JC3H35UYFP;
				INFOPLIST_FILE = GifWallet/Info.plist;
				LD_RUNPATH_SEARCH_PATHS = "$(inherited) @executable_path/Frameworks";
				PRODUCT_NAME = "$(TARGET_NAME)";
				SWIFT_VERSION = 4.0;
				TARGETED_DEVICE_FAMILY = "1,2";
			};
			name = Release;
		};
		F5D1D46820499B880012E800 /* Debug */ = {
			isa = XCBuildConfiguration;
			baseConfigurationReference = 7D11D06338086F95ABE110A7 /* Pods-GifWallet-GifWalletTests.debug.xcconfig */;
			buildSettings = {
				BUNDLE_LOADER = "$(TEST_HOST)";
				CLANG_ENABLE_MODULES = YES;
				CODE_SIGN_STYLE = Automatic;
				DEVELOPMENT_TEAM = JC3H35UYFP;
				INFOPLIST_FILE = GifWalletTests/Info.plist;
				LD_RUNPATH_SEARCH_PATHS = "$(inherited) @executable_path/Frameworks @loader_path/Frameworks";
				PRODUCT_BUNDLE_IDENTIFIER = com.blurred.GifWalletTests;
				PRODUCT_NAME = "$(TARGET_NAME)";
				SWIFT_OPTIMIZATION_LEVEL = "-Onone";
				SWIFT_VERSION = 4.0;
				TARGETED_DEVICE_FAMILY = "1,2";
				TEST_HOST = "$(BUILT_PRODUCTS_DIR)/GifWallet.app/GifWallet";
			};
			name = Debug;
		};
		F5D1D46920499B880012E800 /* Release */ = {
			isa = XCBuildConfiguration;
			baseConfigurationReference = 0A0653756804371D975D4548 /* Pods-GifWallet-GifWalletTests.release.xcconfig */;
			buildSettings = {
				BUNDLE_LOADER = "$(TEST_HOST)";
				CLANG_ENABLE_MODULES = YES;
				CODE_SIGN_STYLE = Automatic;
				DEVELOPMENT_TEAM = JC3H35UYFP;
				INFOPLIST_FILE = GifWalletTests/Info.plist;
				LD_RUNPATH_SEARCH_PATHS = "$(inherited) @executable_path/Frameworks @loader_path/Frameworks";
				PRODUCT_BUNDLE_IDENTIFIER = com.blurred.GifWalletTests;
				PRODUCT_NAME = "$(TARGET_NAME)";
				SWIFT_VERSION = 4.0;
				TARGETED_DEVICE_FAMILY = "1,2";
				TEST_HOST = "$(BUILT_PRODUCTS_DIR)/GifWallet.app/GifWallet";
			};
			name = Release;
		};
		F5D1D48920499E300012E800 /* Debug */ = {
			isa = XCBuildConfiguration;
			baseConfigurationReference = 1C57C1C750AA91C3F11BA5E4 /* Pods-GifWalletKit.debug.xcconfig */;
			buildSettings = {
				CLANG_ENABLE_MODULES = YES;
				CODE_SIGN_IDENTITY = "";
				CODE_SIGN_STYLE = Automatic;
				CURRENT_PROJECT_VERSION = 1;
				DEFINES_MODULE = YES;
				DEVELOPMENT_TEAM = JC3H35UYFP;
				DYLIB_COMPATIBILITY_VERSION = 1;
				DYLIB_CURRENT_VERSION = 1;
				DYLIB_INSTALL_NAME_BASE = "@rpath";
				INFOPLIST_FILE = GifWalletKit/Info.plist;
				INSTALL_PATH = "$(LOCAL_LIBRARY_DIR)/Frameworks";
				LD_RUNPATH_SEARCH_PATHS = "$(inherited) @executable_path/Frameworks @loader_path/Frameworks";
				PRODUCT_BUNDLE_IDENTIFIER = com.blurred.GifWalletKit;
				PRODUCT_NAME = "$(TARGET_NAME:c99extidentifier)";
				SKIP_INSTALL = YES;
				SWIFT_OPTIMIZATION_LEVEL = "-Onone";
				SWIFT_VERSION = 4.0;
				TARGETED_DEVICE_FAMILY = "1,2";
				VERSIONING_SYSTEM = "apple-generic";
				VERSION_INFO_PREFIX = "";
			};
			name = Debug;
		};
		F5D1D48A20499E300012E800 /* Release */ = {
			isa = XCBuildConfiguration;
			baseConfigurationReference = 2AECB1B364602EE2C6751957 /* Pods-GifWalletKit.release.xcconfig */;
			buildSettings = {
				CLANG_ENABLE_MODULES = YES;
				CODE_SIGN_IDENTITY = "";
				CODE_SIGN_STYLE = Automatic;
				CURRENT_PROJECT_VERSION = 1;
				DEFINES_MODULE = YES;
				DEVELOPMENT_TEAM = JC3H35UYFP;
				DYLIB_COMPATIBILITY_VERSION = 1;
				DYLIB_CURRENT_VERSION = 1;
				DYLIB_INSTALL_NAME_BASE = "@rpath";
				INFOPLIST_FILE = GifWalletKit/Info.plist;
				INSTALL_PATH = "$(LOCAL_LIBRARY_DIR)/Frameworks";
				LD_RUNPATH_SEARCH_PATHS = "$(inherited) @executable_path/Frameworks @loader_path/Frameworks";
				PRODUCT_BUNDLE_IDENTIFIER = com.blurred.GifWalletKit;
				PRODUCT_NAME = "$(TARGET_NAME:c99extidentifier)";
				SKIP_INSTALL = YES;
				SWIFT_VERSION = 4.0;
				TARGETED_DEVICE_FAMILY = "1,2";
				VERSIONING_SYSTEM = "apple-generic";
				VERSION_INFO_PREFIX = "";
			};
			name = Release;
		};
		F5D1D48B20499E300012E800 /* Debug */ = {
			isa = XCBuildConfiguration;
			baseConfigurationReference = CA72F024B96DCAB1CC4D2E77 /* Pods-GifWalletKitTests.debug.xcconfig */;
			buildSettings = {
				CODE_SIGN_STYLE = Automatic;
				DEVELOPMENT_TEAM = JC3H35UYFP;
				INFOPLIST_FILE = GifWalletKitTests/Info.plist;
				LD_RUNPATH_SEARCH_PATHS = "$(inherited) @executable_path/Frameworks @loader_path/Frameworks";
				PRODUCT_BUNDLE_IDENTIFIER = com.blurred.GifWalletKitTests;
				PRODUCT_NAME = "$(TARGET_NAME)";
				SWIFT_VERSION = 4.0;
				TARGETED_DEVICE_FAMILY = "1,2";
				TEST_HOST = "$(BUILT_PRODUCTS_DIR)/GifWallet.app/GifWallet";
			};
			name = Debug;
		};
		F5D1D48C20499E300012E800 /* Release */ = {
			isa = XCBuildConfiguration;
			baseConfigurationReference = 31E0B42CCC370711E5B1CBF3 /* Pods-GifWalletKitTests.release.xcconfig */;
			buildSettings = {
				CODE_SIGN_STYLE = Automatic;
				DEVELOPMENT_TEAM = JC3H35UYFP;
				INFOPLIST_FILE = GifWalletKitTests/Info.plist;
				LD_RUNPATH_SEARCH_PATHS = "$(inherited) @executable_path/Frameworks @loader_path/Frameworks";
				PRODUCT_BUNDLE_IDENTIFIER = com.blurred.GifWalletKitTests;
				PRODUCT_NAME = "$(TARGET_NAME)";
				SWIFT_VERSION = 4.0;
				TARGETED_DEVICE_FAMILY = "1,2";
				TEST_HOST = "$(BUILT_PRODUCTS_DIR)/GifWallet.app/GifWallet";
			};
			name = Release;
		};
/* End XCBuildConfiguration section */

/* Begin XCConfigurationList section */
		F5D1D43520499B870012E800 /* Build configuration list for PBXProject "GifWallet" */ = {
			isa = XCConfigurationList;
			buildConfigurations = (
				F5D1D46220499B880012E800 /* Debug */,
				F5D1D46320499B880012E800 /* Release */,
			);
			defaultConfigurationIsVisible = 0;
			defaultConfigurationName = Release;
		};
		F5D1D46420499B880012E800 /* Build configuration list for PBXNativeTarget "GifWallet" */ = {
			isa = XCConfigurationList;
			buildConfigurations = (
				F5D1D46520499B880012E800 /* Debug */,
				F5D1D46620499B880012E800 /* Release */,
			);
			defaultConfigurationIsVisible = 0;
			defaultConfigurationName = Release;
		};
		F5D1D46720499B880012E800 /* Build configuration list for PBXNativeTarget "GifWalletTests" */ = {
			isa = XCConfigurationList;
			buildConfigurations = (
				F5D1D46820499B880012E800 /* Debug */,
				F5D1D46920499B880012E800 /* Release */,
			);
			defaultConfigurationIsVisible = 0;
			defaultConfigurationName = Release;
		};
		F5D1D48D20499E300012E800 /* Build configuration list for PBXNativeTarget "GifWalletKit" */ = {
			isa = XCConfigurationList;
			buildConfigurations = (
				F5D1D48920499E300012E800 /* Debug */,
				F5D1D48A20499E300012E800 /* Release */,
			);
			defaultConfigurationIsVisible = 0;
			defaultConfigurationName = Release;
		};
		F5D1D48F20499E300012E800 /* Build configuration list for PBXNativeTarget "GifWalletKitTests" */ = {
			isa = XCConfigurationList;
			buildConfigurations = (
				F5D1D48B20499E300012E800 /* Debug */,
				F5D1D48C20499E300012E800 /* Release */,
			);
			defaultConfigurationIsVisible = 0;
			defaultConfigurationName = Release;
		};
/* End XCConfigurationList section */

/* Begin XCVersionGroup section */
		F5CA2DE9206BAE460089E9D5 /* Model.xcdatamodeld */ = {
			isa = XCVersionGroup;
			children = (
				F5CA2DEA206BAE460089E9D5 /* Model.xcdatamodel */,
			);
			currentVersion = F5CA2DEA206BAE460089E9D5 /* Model.xcdatamodel */;
			path = Model.xcdatamodeld;
			sourceTree = "<group>";
			versionGroupType = wrapper.xcdatamodel;
		};
/* End XCVersionGroup section */
	};
	rootObject = F5D1D43220499B870012E800 /* Project object */;
}
